
Microsoft Visual Studio Solution File, Format Version 12.00
# Visual Studio 14
VisualStudioVersion = 14.0.25420.1
MinimumVisualStudioVersion = 10.0.40219.1
Project("{2150E333-8FDC-42A3-9474-1A3956D46DE8}") = "5. Web", "5. Web", "{98BE82F1-19E6-40B1-AB96-400E918CCB6F}"
EndProject
Project("{2150E333-8FDC-42A3-9474-1A3956D46DE8}") = "4.Presenter", "4.Presenter", "{7664BFCF-6843-40F5-9F7A-0908C56329CC}"
EndProject
Project("{2150E333-8FDC-42A3-9474-1A3956D46DE8}") = "3.Data", "3.Data", "{916407E3-9528-4A63-909B-43883172F65B}"
EndProject
Project("{2150E333-8FDC-42A3-9474-1A3956D46DE8}") = ".nuget", ".nuget", "{32C17391-5907-48F0-AA33-784852FB4013}"
	ProjectSection(SolutionItems) = preProject
		.nuget\NuGet.Config = .nuget\NuGet.Config
		.nuget\NuGet.exe = .nuget\NuGet.exe
		.nuget\NuGet.targets = .nuget\NuGet.targets
	EndProjectSection
EndProject
Project("{2150E333-8FDC-42A3-9474-1A3956D46DE8}") = "2.Common", "2.Common", "{D3373868-B3DB-412A-9401-6BB93CFA055F}"
EndProject
Project("{FAE04EC0-301F-11D3-BF4B-00C04F79EFBC}") = "FoodStoreManager.Common", "FoodStoreManager.Common\FoodStoreManager.Common.csproj", "{12FCED86-0B66-4CA5-AC88-BB71B0EBA666}"
EndProject
Project("{FAE04EC0-301F-11D3-BF4B-00C04F79EFBC}") = "FoodStoreManager.Data", "FoodStoreManager.Data\FoodStoreManager.Data.csproj", "{FBBC24AC-8CC8-44CE-9A2B-A5DB037B7810}"
EndProject
Project("{FAE04EC0-301F-11D3-BF4B-00C04F79EFBC}") = "FoodStoreManager.Data.Common", "FoodStoreManager.Data.Common\FoodStoreManager.Data.Common.csproj", "{E02F6BF6-E978-41B4-9FE5-1A3F558D4A71}"
EndProject
Project("{FAE04EC0-301F-11D3-BF4B-00C04F79EFBC}") = "FoodStoreManager.Data.Config", "FoodStoreManager.Data.Config\FoodStoreManager.Data.Config.csproj", "{555CC5C2-4373-49F3-9C8D-264E0918A818}"
EndProject
Project("{FAE04EC0-301F-11D3-BF4B-00C04F79EFBC}") = "FoodStoreManager.Presenter", "FoodStoreManager.Presenter\FoodStoreManager.Presenter.csproj", "{BD422E42-732F-48BC-80C3-6F77C39A6C8F}"
EndProject
Project("{FAE04EC0-301F-11D3-BF4B-00C04F79EFBC}") = "FoodStoreManager.Web.Common", "FoodStoreManager.Web.Common\FoodStoreManager.Web.Common.csproj", "{C2A33D38-20BA-4620-AB8C-1635BEDC1D0D}"
EndProject
Project("{FAE04EC0-301F-11D3-BF4B-00C04F79EFBC}") = "FoodStoreManager.Config", "FoodStoreManager.Config\FoodStoreManager.Config.csproj", "{EE2B65DD-0FE9-41D1-9FB4-306D6969A805}"
EndProject
Project("{FAE04EC0-301F-11D3-BF4B-00C04F79EFBC}") = "FoodStoreManager", "FoodStoreManager\FoodStoreManager.csproj", "{DEF75649-F0A3-40FD-B8AB-0348F35B4C6D}"
EndProject
Global
	GlobalSection(SolutionConfigurationPlatforms) = preSolution
		Debug|Any CPU = Debug|Any CPU
		Release|Any CPU = Release|Any CPU
	EndGlobalSection
	GlobalSection(ProjectConfigurationPlatforms) = postSolution
		{12FCED86-0B66-4CA5-AC88-BB71B0EBA666}.Debug|Any CPU.ActiveCfg = Debug|Any CPU
		{12FCED86-0B66-4CA5-AC88-BB71B0EBA666}.Debug|Any CPU.Build.0 = Debug|Any CPU
		{12FCED86-0B66-4CA5-AC88-BB71B0EBA666}.Release|Any CPU.ActiveCfg = Release|Any CPU
		{12FCED86-0B66-4CA5-AC88-BB71B0EBA666}.Release|Any CPU.Build.0 = Release|Any CPU
		{FBBC24AC-8CC8-44CE-9A2B-A5DB037B7810}.Debug|Any CPU.ActiveCfg = Debug|Any CPU
		{FBBC24AC-8CC8-44CE-9A2B-A5DB037B7810}.Debug|Any CPU.Build.0 = Debug|Any CPU
		{FBBC24AC-8CC8-44CE-9A2B-A5DB037B7810}.Release|Any CPU.ActiveCfg = Release|Any CPU
		{FBBC24AC-8CC8-44CE-9A2B-A5DB037B7810}.Release|Any CPU.Build.0 = Release|Any CPU
		{E02F6BF6-E978-41B4-9FE5-1A3F558D4A71}.Debug|Any CPU.ActiveCfg = Debug|Any CPU
		{E02F6BF6-E978-41B4-9FE5-1A3F558D4A71}.Debug|Any CPU.Build.0 = Debug|Any CPU
		{E02F6BF6-E978-41B4-9FE5-1A3F558D4A71}.Release|Any CPU.ActiveCfg = Release|Any CPU
		{E02F6BF6-E978-41B4-9FE5-1A3F558D4A71}.Release|Any CPU.Build.0 = Release|Any CPU
		{555CC5C2-4373-49F3-9C8D-264E0918A818}.Debug|Any CPU.ActiveCfg = Debug|Any CPU
		{555CC5C2-4373-49F3-9C8D-264E0918A818}.Debug|Any CPU.Build.0 = Debug|Any CPU
		{555CC5C2-4373-49F3-9C8D-264E0918A818}.Release|Any CPU.ActiveCfg = Release|Any CPU
		{555CC5C2-4373-49F3-9C8D-264E0918A818}.Release|Any CPU.Build.0 = Release|Any CPU
		{BD422E42-732F-48BC-80C3-6F77C39A6C8F}.Debug|Any CPU.ActiveCfg = Debug|Any CPU
		{BD422E42-732F-48BC-80C3-6F77C39A6C8F}.Debug|Any CPU.Build.0 = Debug|Any CPU
		{BD422E42-732F-48BC-80C3-6F77C39A6C8F}.Release|Any CPU.ActiveCfg = Release|Any CPU
		{BD422E42-732F-48BC-80C3-6F77C39A6C8F}.Release|Any CPU.Build.0 = Release|Any CPU
		{C2A33D38-20BA-4620-AB8C-1635BEDC1D0D}.Debug|Any CPU.ActiveCfg = Debug|Any CPU
		{C2A33D38-20BA-4620-AB8C-1635BEDC1D0D}.Debug|Any CPU.Build.0 = Debug|Any CPU
		{C2A33D38-20BA-4620-AB8C-1635BEDC1D0D}.Release|Any CPU.ActiveCfg = Release|Any CPU
		{C2A33D38-20BA-4620-AB8C-1635BEDC1D0D}.Release|Any CPU.Build.0 = Release|Any CPU
		{EE2B65DD-0FE9-41D1-9FB4-306D6969A805}.Debug|Any CPU.ActiveCfg = Debug|Any CPU
		{EE2B65DD-0FE9-41D1-9FB4-306D6969A805}.Debug|Any CPU.Build.0 = Debug|Any CPU
		{EE2B65DD-0FE9-41D1-9FB4-306D6969A805}.Release|Any CPU.ActiveCfg = Release|Any CPU
		{EE2B65DD-0FE9-41D1-9FB4-306D6969A805}.Release|Any CPU.Build.0 = Release|Any CPU
		{DEF75649-F0A3-40FD-B8AB-0348F35B4C6D}.Debug|Any CPU.ActiveCfg = Debug|Any CPU
		{DEF75649-F0A3-40FD-B8AB-0348F35B4C6D}.Debug|Any CPU.Build.0 = Debug|Any CPU
		{DEF75649-F0A3-40FD-B8AB-0348F35B4C6D}.Release|Any CPU.ActiveCfg = Release|Any CPU
		{DEF75649-F0A3-40FD-B8AB-0348F35B4C6D}.Release|Any CPU.Build.0 = Release|Any CPU
	EndGlobalSection
	GlobalSection(SolutionProperties) = preSolution
		HideSolutionNode = FALSE
	EndGlobalSection
	GlobalSection(NestedProjects) = preSolution
		{12FCED86-0B66-4CA5-AC88-BB71B0EBA666} = {D3373868-B3DB-412A-9401-6BB93CFA055F}
		{FBBC24AC-8CC8-44CE-9A2B-A5DB037B7810} = {916407E3-9528-4A63-909B-43883172F65B}
		{E02F6BF6-E978-41B4-9FE5-1A3F558D4A71} = {916407E3-9528-4A63-909B-43883172F65B}
		{555CC5C2-4373-49F3-9C8D-264E0918A818} = {916407E3-9528-4A63-909B-43883172F65B}
		{BD422E42-732F-48BC-80C3-6F77C39A6C8F} = {7664BFCF-6843-40F5-9F7A-0908C56329CC}
		{C2A33D38-20BA-4620-AB8C-1635BEDC1D0D} = {98BE82F1-19E6-40B1-AB96-400E918CCB6F}
		{EE2B65DD-0FE9-41D1-9FB4-306D6969A805} = {98BE82F1-19E6-40B1-AB96-400E918CCB6F}
		{DEF75649-F0A3-40FD-B8AB-0348F35B4C6D} = {98BE82F1-19E6-40B1-AB96-400E918CCB6F}
	EndGlobalSection
EndGlobal
